
Microsoft Visual Studio Solution File, Format Version 12.00
# Visual Studio 15
VisualStudioVersion = 15.0.26403.3
MinimumVisualStudioVersion = 10.0.40219.1
Project("{FAE04EC0-301F-11D3-BF4B-00C04F79EFBC}") = "Prepress-Book-in-MS-Word", "Prepress-Book-in-MS-Word.csproj", "{0B4BACA3-3382-44AC-811D-8465E1CD84FF}"
EndProject
Global
	GlobalSection(SolutionConfigurationPlatforms) = preSolution
		Debug|Any CPU = Debug|Any CPU
		Release|Any CPU = Release|Any CPU
	EndGlobalSection
	GlobalSection(ProjectConfigurationPlatforms) = postSolution
		{0B4BACA3-3382-44AC-811D-8465E1CD84FF}.Debug|Any CPU.ActiveCfg = Debug|Any CPU
		{0B4BACA3-3382-44AC-811D-8465E1CD84FF}.Debug|Any CPU.Build.0 = Debug|Any CPU
		{0B4BACA3-3382-44AC-811D-8465E1CD84FF}.Release|Any CPU.ActiveCfg = Release|Any CPU
		{0B4BACA3-3382-44AC-811D-8465E1CD84FF}.Release|Any CPU.Build.0 = Release|Any CPU
	EndGlobalSection
	GlobalSection(SolutionProperties) = preSolution
		HideSolutionNode = FALSE
	EndGlobalSection
EndGlobal
